
Microsoft Visual Studio Solution File, Format Version 12.00
Project("{F2A71F9B-5D33-465A-A702-920D77279786}") = "LandsatReflectance.Api", "src\LandsatReflectance.Api\LandsatReflectance.Api.fsproj", "{5ADDD93C-25E6-46D9-9B17-BC72037A6900}"
EndProject
Project("{FAE04EC0-301F-11D3-BF4B-00C04F79EFBC}") = "LandsatReflectance.SceneBoundaries", "src\LandsatReflectance.SceneBoundaries\LandsatReflectance.SceneBoundaries.csproj", "{CF594FB6-9AC6-42D7-A4D0-4DDC04FA28BD}"
EndProject
Project("{FAE04EC0-301F-11D3-BF4B-00C04F79EFBC}") = "LandsatReflectance.UI", "src\LandsatReflectance.UI\LandsatReflectance.UI.csproj", "{29D4206A-D674-4DAB-BD08-AD1EE2DD0F63}"
EndProject
Project("{2150E333-8FDC-42A3-9474-1A3956D46DE8}") = "Frontend", "Frontend", "{261C5391-AEEA-4B04-9F31-016725E15A9D}"
EndProject
Project("{2150E333-8FDC-42A3-9474-1A3956D46DE8}") = "Backend", "Backend", "{8D2B15E7-A90B-4814-9781-4BB6AFD1EBD2}"
EndProject
Project("{9A19103F-16F7-4668-BE54-9A1E7A4F7556}") = "LandsatReflectance.Build", "src\LandsatReflectance.Build\LandsatReflectance.Build.csproj", "{F9CA5131-CA84-40B8-98A8-AA6196250240}"
EndProject
Global
	GlobalSection(SolutionConfigurationPlatforms) = preSolution
		Debug|Any CPU = Debug|Any CPU
		Release|Any CPU = Release|Any CPU
	EndGlobalSection
	GlobalSection(ProjectConfigurationPlatforms) = postSolution
		{F9CA5131-CA84-40B8-98A8-AA6196250240}.Debug|Any CPU.ActiveCfg = Debug|Any CPU
		{F9CA5131-CA84-40B8-98A8-AA6196250240}.Release|Any CPU.ActiveCfg = Release|Any CPU
		{5ADDD93C-25E6-46D9-9B17-BC72037A6900}.Debug|Any CPU.ActiveCfg = Debug|Any CPU
		{5ADDD93C-25E6-46D9-9B17-BC72037A6900}.Debug|Any CPU.Build.0 = Debug|Any CPU
		{5ADDD93C-25E6-46D9-9B17-BC72037A6900}.Release|Any CPU.ActiveCfg = Release|Any CPU
		{5ADDD93C-25E6-46D9-9B17-BC72037A6900}.Release|Any CPU.Build.0 = Release|Any CPU
		{CF594FB6-9AC6-42D7-A4D0-4DDC04FA28BD}.Debug|Any CPU.ActiveCfg = Debug|Any CPU
		{CF594FB6-9AC6-42D7-A4D0-4DDC04FA28BD}.Debug|Any CPU.Build.0 = Debug|Any CPU
		{CF594FB6-9AC6-42D7-A4D0-4DDC04FA28BD}.Release|Any CPU.ActiveCfg = Release|Any CPU
		{CF594FB6-9AC6-42D7-A4D0-4DDC04FA28BD}.Release|Any CPU.Build.0 = Release|Any CPU
		{29D4206A-D674-4DAB-BD08-AD1EE2DD0F63}.Debug|Any CPU.ActiveCfg = Debug|Any CPU
		{29D4206A-D674-4DAB-BD08-AD1EE2DD0F63}.Debug|Any CPU.Build.0 = Debug|Any CPU
		{29D4206A-D674-4DAB-BD08-AD1EE2DD0F63}.Release|Any CPU.ActiveCfg = Release|Any CPU
		{29D4206A-D674-4DAB-BD08-AD1EE2DD0F63}.Release|Any CPU.Build.0 = Release|Any CPU
	EndGlobalSection
	GlobalSection(NestedProjects) = preSolution
		{5ADDD93C-25E6-46D9-9B17-BC72037A6900} = {8D2B15E7-A90B-4814-9781-4BB6AFD1EBD2}
		{CF594FB6-9AC6-42D7-A4D0-4DDC04FA28BD} = {261C5391-AEEA-4B04-9F31-016725E15A9D}
		{29D4206A-D674-4DAB-BD08-AD1EE2DD0F63} = {261C5391-AEEA-4B04-9F31-016725E15A9D}
	EndGlobalSection
EndGlobal
