
Microsoft Visual Studio Solution File, Format Version 12.00
Project("{F2A71F9B-5D33-465A-A702-920D77279786}") = "LandsatReflectance.Api", "LandsatReflectance.Api\LandsatReflectance.Api.fsproj", "{6A41B459-68E8-4D49-B4F6-626646A91142}"
EndProject
Project("{FAE04EC0-301F-11D3-BF4B-00C04F79EFBC}") = "LandsatReflectance.Build", "LandsatReflectance.Build\LandsatReflectance.Build.csproj", "{01FEAD48-DF6A-4718-8BC4-65637451E3D0}"
EndProject
Global
	GlobalSection(SolutionConfigurationPlatforms) = preSolution
		Debug|Any CPU = Debug|Any CPU
		Release|Any CPU = Release|Any CPU
	EndGlobalSection
	GlobalSection(ProjectConfigurationPlatforms) = postSolution
		{6A41B459-68E8-4D49-B4F6-626646A91142}.Debug|Any CPU.ActiveCfg = Debug|Any CPU
		{6A41B459-68E8-4D49-B4F6-626646A91142}.Debug|Any CPU.Build.0 = Debug|Any CPU
		{6A41B459-68E8-4D49-B4F6-626646A91142}.Release|Any CPU.ActiveCfg = Release|Any CPU
		{6A41B459-68E8-4D49-B4F6-626646A91142}.Release|Any CPU.Build.0 = Release|Any CPU
		{01FEAD48-DF6A-4718-8BC4-65637451E3D0}.Debug|Any CPU.ActiveCfg = Debug|Any CPU
		{01FEAD48-DF6A-4718-8BC4-65637451E3D0}.Debug|Any CPU.Build.0 = Debug|Any CPU
		{01FEAD48-DF6A-4718-8BC4-65637451E3D0}.Release|Any CPU.ActiveCfg = Release|Any CPU
		{01FEAD48-DF6A-4718-8BC4-65637451E3D0}.Release|Any CPU.Build.0 = Release|Any CPU
	EndGlobalSection
EndGlobal
